
Microsoft Visual Studio Solution File, Format Version 12.00
# Visual Studio Version 16
VisualStudioVersion = 16.0.29609.76
MinimumVisualStudioVersion = 10.0.40219.1
Project("{9A19103F-16F7-4668-BE54-9A1E7A4F7556}") = "M.Host", "M.Host\M.Host.csproj", "{1C53E7C6-343C-4768-A404-990F34C5FE0F}"
EndProject
Project("{9A19103F-16F7-4668-BE54-9A1E7A4F7556}") = "M.Helper", "M.Helper\M.Helper.csproj", "{13A0C543-2F50-4839-9B44-C1C277A39875}"
EndProject
Project("{9A19103F-16F7-4668-BE54-9A1E7A4F7556}") = "M.Model", "M.Model\M.Model.csproj", "{04DC076D-92AD-4789-92FD-52EC2D3D0841}"
EndProject
Project("{9A19103F-16F7-4668-BE54-9A1E7A4F7556}") = "M.Application", "M.Application\M.Application.csproj", "{40E455D3-2791-41F8-9014-1C21E4B8F97F}"
EndProject
Global
	GlobalSection(SolutionConfigurationPlatforms) = preSolution
		Debug|Any CPU = Debug|Any CPU
		Release|Any CPU = Release|Any CPU
	EndGlobalSection
	GlobalSection(ProjectConfigurationPlatforms) = postSolution
		{1C53E7C6-343C-4768-A404-990F34C5FE0F}.Debug|Any CPU.ActiveCfg = Debug|Any CPU
		{1C53E7C6-343C-4768-A404-990F34C5FE0F}.Debug|Any CPU.Build.0 = Debug|Any CPU
		{1C53E7C6-343C-4768-A404-990F34C5FE0F}.Release|Any CPU.ActiveCfg = Release|Any CPU
		{1C53E7C6-343C-4768-A404-990F34C5FE0F}.Release|Any CPU.Build.0 = Release|Any CPU
		{13A0C543-2F50-4839-9B44-C1C277A39875}.Debug|Any CPU.ActiveCfg = Debug|Any CPU
		{13A0C543-2F50-4839-9B44-C1C277A39875}.Debug|Any CPU.Build.0 = Debug|Any CPU
		{13A0C543-2F50-4839-9B44-C1C277A39875}.Release|Any CPU.ActiveCfg = Release|Any CPU
		{13A0C543-2F50-4839-9B44-C1C277A39875}.Release|Any CPU.Build.0 = Release|Any CPU
		{04DC076D-92AD-4789-92FD-52EC2D3D0841}.Debug|Any CPU.ActiveCfg = Debug|Any CPU
		{04DC076D-92AD-4789-92FD-52EC2D3D0841}.Debug|Any CPU.Build.0 = Debug|Any CPU
		{04DC076D-92AD-4789-92FD-52EC2D3D0841}.Release|Any CPU.ActiveCfg = Release|Any CPU
		{04DC076D-92AD-4789-92FD-52EC2D3D0841}.Release|Any CPU.Build.0 = Release|Any CPU
		{40E455D3-2791-41F8-9014-1C21E4B8F97F}.Debug|Any CPU.ActiveCfg = Debug|Any CPU
		{40E455D3-2791-41F8-9014-1C21E4B8F97F}.Debug|Any CPU.Build.0 = Debug|Any CPU
		{40E455D3-2791-41F8-9014-1C21E4B8F97F}.Release|Any CPU.ActiveCfg = Release|Any CPU
		{40E455D3-2791-41F8-9014-1C21E4B8F97F}.Release|Any CPU.Build.0 = Release|Any CPU
	EndGlobalSection
	GlobalSection(SolutionProperties) = preSolution
		HideSolutionNode = FALSE
	EndGlobalSection
	GlobalSection(ExtensibilityGlobals) = postSolution
		SolutionGuid = {7D923769-480A-4640-A7AF-EED79EEAA439}
	EndGlobalSection
EndGlobal
